// !$*UTF8*$!
{
	archiveVersion = 1;
	classes = {
	};
	objectVersion = 56;
	objects = {

/* Begin PBXBuildFile section */
		AA4C30D52E9CED43008F3FD5 /* Constants.swift in Sources */ = {isa = PBXBuildFile; fileRef = AA4C30D42E9CED43008F3FD5 /* Constants.swift */; };
		AA4C30D72E9CFD8B008F3FD5 /* DaysRowView.swift in Sources */ = {isa = PBXBuildFile; fileRef = AA4C30D62E9CFD8B008F3FD5 /* DaysRowView.swift */; };
		AA4C30DA2E9D21CB008F3FD5 /* DayGridView.swift in Sources */ = {isa = PBXBuildFile; fileRef = AA4C30D92E9D21CB008F3FD5 /* DayGridView.swift */; };
		AA4C30DC2E9D28A1008F3FD5 /* GridData.swift in Sources */ = {isa = PBXBuildFile; fileRef = AA4C30DB2E9D28A1008F3FD5 /* GridData.swift */; };
		AA8B93B52E9D7F7A00CB1162 /* DayDetailsRowView.swift in Sources */ = {isa = PBXBuildFile; fileRef = AA8B93B42E9D7F7A00CB1162 /* DayDetailsRowView.swift */; };
		AA8B93B72E9DBCC500CB1162 /* DayDetailsView.swift in Sources */ = {isa = PBXBuildFile; fileRef = AA8B93B62E9DBCC500CB1162 /* DayDetailsView.swift */; };
		AA8B93BA2E9DBF1800CB1162 /* HeaderView.swift in Sources */ = {isa = PBXBuildFile; fileRef = AA8B93B92E9DBF1800CB1162 /* HeaderView.swift */; };
		AA8B93BC2E9DBF5A00CB1162 /* ForeCastSectionView.swift in Sources */ = {isa = PBXBuildFile; fileRef = AA8B93BB2E9DBF5A00CB1162 /* ForeCastSectionView.swift */; };
		AA8B93BE2E9DBFFF00CB1162 /* WeatherGridSection.swift in Sources */ = {isa = PBXBuildFile; fileRef = AA8B93BD2E9DBFFF00CB1162 /* WeatherGridSection.swift */; };
		AA8B93C72E9EB32B00CB1162 /* Rain.json in Resources */ = {isa = PBXBuildFile; fileRef = AA8B93C52E9EB32B00CB1162 /* Rain.json */; };
		AA8B93C92E9EB4E500CB1162 /* LottieView.swift in Sources */ = {isa = PBXBuildFile; fileRef = AA8B93C82E9EB4E500CB1162 /* LottieView.swift */; };
		AA8B93CC2E9EB77600CB1162 /* Lottie in Frameworks */ = {isa = PBXBuildFile; productRef = AA8B93CB2E9EB77600CB1162 /* Lottie */; };
		AA8B93D62E9EF5DE00CB1162 /* weather.json in Resources */ = {isa = PBXBuildFile; fileRef = AA8B93D52E9EF5DD00CB1162 /* weather.json */; };
		AA8FD5602E9C51F00070AF03 /* SkyScopeApp.swift in Sources */ = {isa = PBXBuildFile; fileRef = AA8FD55F2E9C51F00070AF03 /* SkyScopeApp.swift */; };
		AA8FD5622E9C51F00070AF03 /* MainView.swift in Sources */ = {isa = PBXBuildFile; fileRef = AA8FD5612E9C51F00070AF03 /* MainView.swift */; };
		AA8FD5642E9C51F20070AF03 /* Assets.xcassets in Resources */ = {isa = PBXBuildFile; fileRef = AA8FD5632E9C51F20070AF03 /* Assets.xcassets */; };
		AA8FD5672E9C51F20070AF03 /* Preview Assets.xcassets in Resources */ = {isa = PBXBuildFile; fileRef = AA8FD5662E9C51F20070AF03 /* Preview Assets.xcassets */; };
		AA8FD5732E9C5CF00070AF03 /* WeatherResponse.swift in Sources */ = {isa = PBXBuildFile; fileRef = AA8FD5722E9C5CF00070AF03 /* WeatherResponse.swift */; };
		AA8FD5762E9C5EF70070AF03 /* WeatherService.swift in Sources */ = {isa = PBXBuildFile; fileRef = AA8FD5752E9C5EF70070AF03 /* WeatherService.swift */; };
		AA8FD5782E9C62390070AF03 /* MainViewModel.swift in Sources */ = {isa = PBXBuildFile; fileRef = AA8FD5772E9C62390070AF03 /* MainViewModel.swift */; };
/* End PBXBuildFile section */

/* Begin PBXFileReference section */
		9B4FA8CBB92BEF01760EF380 /* Pods-SkyScope.debug.xcconfig */ = {isa = PBXFileReference; includeInIndex = 1; lastKnownFileType = text.xcconfig; name = "Pods-SkyScope.debug.xcconfig"; path = "Target Support Files/Pods-SkyScope/Pods-SkyScope.debug.xcconfig"; sourceTree = "<group>"; };
		AA4C30D42E9CED43008F3FD5 /* Constants.swift */ = {isa = PBXFileReference; lastKnownFileType = sourcecode.swift; path = Constants.swift; sourceTree = "<group>"; };
		AA4C30D62E9CFD8B008F3FD5 /* DaysRowView.swift */ = {isa = PBXFileReference; lastKnownFileType = sourcecode.swift; path = DaysRowView.swift; sourceTree = "<group>"; };
		AA4C30D92E9D21CB008F3FD5 /* DayGridView.swift */ = {isa = PBXFileReference; lastKnownFileType = sourcecode.swift; path = DayGridView.swift; sourceTree = "<group>"; };
		AA4C30DB2E9D28A1008F3FD5 /* GridData.swift */ = {isa = PBXFileReference; lastKnownFileType = sourcecode.swift; path = GridData.swift; sourceTree = "<group>"; };
		AA8B93B42E9D7F7A00CB1162 /* DayDetailsRowView.swift */ = {isa = PBXFileReference; lastKnownFileType = sourcecode.swift; path = DayDetailsRowView.swift; sourceTree = "<group>"; };
		AA8B93B62E9DBCC500CB1162 /* DayDetailsView.swift */ = {isa = PBXFileReference; lastKnownFileType = sourcecode.swift; path = DayDetailsView.swift; sourceTree = "<group>"; };
		AA8B93B92E9DBF1800CB1162 /* HeaderView.swift */ = {isa = PBXFileReference; lastKnownFileType = sourcecode.swift; path = HeaderView.swift; sourceTree = "<group>"; };
		AA8B93BB2E9DBF5A00CB1162 /* ForeCastSectionView.swift */ = {isa = PBXFileReference; lastKnownFileType = sourcecode.swift; path = ForeCastSectionView.swift; sourceTree = "<group>"; };
		AA8B93BD2E9DBFFF00CB1162 /* WeatherGridSection.swift */ = {isa = PBXFileReference; lastKnownFileType = sourcecode.swift; path = WeatherGridSection.swift; sourceTree = "<group>"; };
		AA8B93C52E9EB32B00CB1162 /* Rain.json */ = {isa = PBXFileReference; fileEncoding = 4; lastKnownFileType = text.json; path = Rain.json; sourceTree = "<group>"; };
		AA8B93C82E9EB4E500CB1162 /* LottieView.swift */ = {isa = PBXFileReference; lastKnownFileType = sourcecode.swift; path = LottieView.swift; sourceTree = "<group>"; };
		AA8B93D52E9EF5DD00CB1162 /* weather.json */ = {isa = PBXFileReference; fileEncoding = 4; lastKnownFileType = text.json; path = weather.json; sourceTree = "<group>"; };
		AA8FD55C2E9C51F00070AF03 /* SkyScope.app */ = {isa = PBXFileReference; explicitFileType = wrapper.application; includeInIndex = 0; path = SkyScope.app; sourceTree = BUILT_PRODUCTS_DIR; };
		AA8FD55F2E9C51F00070AF03 /* SkyScopeApp.swift */ = {isa = PBXFileReference; lastKnownFileType = sourcecode.swift; path = SkyScopeApp.swift; sourceTree = "<group>"; };
		AA8FD5612E9C51F00070AF03 /* MainView.swift */ = {isa = PBXFileReference; lastKnownFileType = sourcecode.swift; path = MainView.swift; sourceTree = "<group>"; };
		AA8FD5632E9C51F20070AF03 /* Assets.xcassets */ = {isa = PBXFileReference; lastKnownFileType = folder.assetcatalog; path = Assets.xcassets; sourceTree = "<group>"; };
		AA8FD5662E9C51F20070AF03 /* Preview Assets.xcassets */ = {isa = PBXFileReference; lastKnownFileType = folder.assetcatalog; path = "Preview Assets.xcassets"; sourceTree = "<group>"; };
		AA8FD5722E9C5CF00070AF03 /* WeatherResponse.swift */ = {isa = PBXFileReference; lastKnownFileType = sourcecode.swift; path = WeatherResponse.swift; sourceTree = "<group>"; };
		AA8FD5752E9C5EF70070AF03 /* WeatherService.swift */ = {isa = PBXFileReference; lastKnownFileType = sourcecode.swift; path = WeatherService.swift; sourceTree = "<group>"; };
		AA8FD5772E9C62390070AF03 /* MainViewModel.swift */ = {isa = PBXFileReference; lastKnownFileType = sourcecode.swift; path = MainViewModel.swift; sourceTree = "<group>"; };
		D1DB142C49B47D18643B6E3B /* Pods-SkyScope.release.xcconfig */ = {isa = PBXFileReference; includeInIndex = 1; lastKnownFileType = text.xcconfig; name = "Pods-SkyScope.release.xcconfig"; path = "Target Support Files/Pods-SkyScope/Pods-SkyScope.release.xcconfig"; sourceTree = "<group>"; };
		F002F23F6872858D239942E5 /* Pods_SkyScope.framework */ = {isa = PBXFileReference; explicitFileType = wrapper.framework; includeInIndex = 0; path = Pods_SkyScope.framework; sourceTree = BUILT_PRODUCTS_DIR; };
/* End PBXFileReference section */

/* Begin PBXFrameworksBuildPhase section */
		AA8FD5592E9C51F00070AF03 /* Frameworks */ = {
			isa = PBXFrameworksBuildPhase;
			buildActionMask = 2147483647;
			files = (
				AA8B93CC2E9EB77600CB1162 /* Lottie in Frameworks */,
			);
			runOnlyForDeploymentPostprocessing = 0;
		};
/* End PBXFrameworksBuildPhase section */

/* Begin PBXGroup section */
		7F34B06339751D1D6A4184D1 /* Frameworks */ = {
			isa = PBXGroup;
			children = (
				F002F23F6872858D239942E5 /* Pods_SkyScope.framework */,
			);
			name = Frameworks;
			sourceTree = "<group>";
		};
		AA4C30D32E9CED2D008F3FD5 /* Utilities */ = {
			isa = PBXGroup;
			children = (
				AA4C30D42E9CED43008F3FD5 /* Constants.swift */,
				AA8B93C82E9EB4E500CB1162 /* LottieView.swift */,
			);
			path = Utilities;
			sourceTree = "<group>";
		};
		AA8B93B82E9DBF0400CB1162 /* MainViewComponents */ = {
			isa = PBXGroup;
			children = (
				AA8B93B92E9DBF1800CB1162 /* HeaderView.swift */,
				AA8B93BB2E9DBF5A00CB1162 /* ForeCastSectionView.swift */,
				AA8B93BD2E9DBFFF00CB1162 /* WeatherGridSection.swift */,
			);
			path = MainViewComponents;
			sourceTree = "<group>";
		};
		AA8FD5532E9C51F00070AF03 = {
			isa = PBXGroup;
			children = (
				AA8FD55E2E9C51F00070AF03 /* SkyScope */,
				AA8FD55D2E9C51F00070AF03 /* Products */,
				D6C68B3FA9B8AADBE544C140 /* Pods */,
				7F34B06339751D1D6A4184D1 /* Frameworks */,
			);
			sourceTree = "<group>";
		};
		AA8FD55D2E9C51F00070AF03 /* Products */ = {
			isa = PBXGroup;
			children = (
				AA8FD55C2E9C51F00070AF03 /* SkyScope.app */,
			);
			name = Products;
			sourceTree = "<group>";
		};
		AA8FD55E2E9C51F00070AF03 /* SkyScope */ = {
			isa = PBXGroup;
			children = (
				AA4C30D32E9CED2D008F3FD5 /* Utilities */,
				AA8FD5702E9C52160070AF03 /* Resources */,
				AA8FD56F2E9C520F0070AF03 /* ViewModel */,
				AA8FD56E2E9C52070070AF03 /* View */,
				AA8FD56D2E9C52020070AF03 /* Model */,
				AA8FD55F2E9C51F00070AF03 /* SkyScopeApp.swift */,
				AA8FD5652E9C51F20070AF03 /* Preview Content */,
			);
			path = SkyScope;
			sourceTree = "<group>";
		};
		AA8FD5652E9C51F20070AF03 /* Preview Content */ = {
			isa = PBXGroup;
			children = (
				AA8FD5662E9C51F20070AF03 /* Preview Assets.xcassets */,
			);
			path = "Preview Content";
			sourceTree = "<group>";
		};
		AA8FD56D2E9C52020070AF03 /* Model */ = {
			isa = PBXGroup;
			children = (
				AA8FD5742E9C5EE60070AF03 /* Services */,
				AA8FD5722E9C5CF00070AF03 /* WeatherResponse.swift */,
				AA4C30DB2E9D28A1008F3FD5 /* GridData.swift */,
			);
			path = Model;
			sourceTree = "<group>";
		};
		AA8FD56E2E9C52070070AF03 /* View */ = {
			isa = PBXGroup;
			children = (
				AA8B93B82E9DBF0400CB1162 /* MainViewComponents */,
				AA8FD5612E9C51F00070AF03 /* MainView.swift */,
				AA8B93B62E9DBCC500CB1162 /* DayDetailsView.swift */,
				AA4C30D92E9D21CB008F3FD5 /* DayGridView.swift */,
				AA4C30D62E9CFD8B008F3FD5 /* DaysRowView.swift */,
				AA8B93B42E9D7F7A00CB1162 /* DayDetailsRowView.swift */,
			);
			path = View;
			sourceTree = "<group>";
		};
		AA8FD56F2E9C520F0070AF03 /* ViewModel */ = {
			isa = PBXGroup;
			children = (
				AA8FD5772E9C62390070AF03 /* MainViewModel.swift */,
			);
			path = ViewModel;
			sourceTree = "<group>";
		};
		AA8FD5702E9C52160070AF03 /* Resources */ = {
			isa = PBXGroup;
			children = (
				AA8FD5632E9C51F20070AF03 /* Assets.xcassets */,
				AA8B93C52E9EB32B00CB1162 /* Rain.json */,
				AA8B93D52E9EF5DD00CB1162 /* weather.json */,
			);
			path = Resources;
			sourceTree = "<group>";
		};
		AA8FD5742E9C5EE60070AF03 /* Services */ = {
			isa = PBXGroup;
			children = (
				AA8FD5752E9C5EF70070AF03 /* WeatherService.swift */,
			);
			path = Services;
			sourceTree = "<group>";
		};
		D6C68B3FA9B8AADBE544C140 /* Pods */ = {
			isa = PBXGroup;
			children = (
				9B4FA8CBB92BEF01760EF380 /* Pods-SkyScope.debug.xcconfig */,
				D1DB142C49B47D18643B6E3B /* Pods-SkyScope.release.xcconfig */,
			);
			path = Pods;
			sourceTree = "<group>";
		};
/* End PBXGroup section */

/* Begin PBXNativeTarget section */
		AA8FD55B2E9C51F00070AF03 /* SkyScope */ = {
			isa = PBXNativeTarget;
			buildConfigurationList = AA8FD56A2E9C51F20070AF03 /* Build configuration list for PBXNativeTarget "SkyScope" */;
			buildPhases = (
				4C3500B451B55F46A84E1C26 /* [CP] Check Pods Manifest.lock */,
				AA8FD5582E9C51F00070AF03 /* Sources */,
				AA8FD5592E9C51F00070AF03 /* Frameworks */,
				AA8FD55A2E9C51F00070AF03 /* Resources */,
			);
			buildRules = (
			);
			dependencies = (
			);
			name = SkyScope;
			packageProductDependencies = (
				AA8B93CB2E9EB77600CB1162 /* Lottie */,
			);
			productName = SkyScope;
			productReference = AA8FD55C2E9C51F00070AF03 /* SkyScope.app */;
			productType = "com.apple.product-type.application";
		};
/* End PBXNativeTarget section */

/* Begin PBXProject section */
		AA8FD5542E9C51F00070AF03 /* Project object */ = {
			isa = PBXProject;
			attributes = {
				BuildIndependentTargetsInParallel = 1;
				LastSwiftUpdateCheck = 1540;
				LastUpgradeCheck = 1540;
				TargetAttributes = {
					AA8FD55B2E9C51F00070AF03 = {
						CreatedOnToolsVersion = 15.4;
					};
				};
			};
			buildConfigurationList = AA8FD5572E9C51F00070AF03 /* Build configuration list for PBXProject "SkyScope" */;
			compatibilityVersion = "Xcode 14.0";
			developmentRegion = en;
			hasScannedForEncodings = 0;
			knownRegions = (
				en,
				Base,
			);
			mainGroup = AA8FD5532E9C51F00070AF03;
			packageReferences = (
				AA8B93CA2E9EB77600CB1162 /* XCRemoteSwiftPackageReference "lottie-ios" */,
			);
			productRefGroup = AA8FD55D2E9C51F00070AF03 /* Products */;
			projectDirPath = "";
			projectRoot = "";
			targets = (
				AA8FD55B2E9C51F00070AF03 /* SkyScope */,
			);
		};
/* End PBXProject section */

/* Begin PBXResourcesBuildPhase section */
		AA8FD55A2E9C51F00070AF03 /* Resources */ = {
			isa = PBXResourcesBuildPhase;
			buildActionMask = 2147483647;
			files = (
				AA8FD5672E9C51F20070AF03 /* Preview Assets.xcassets in Resources */,
				AA8FD5642E9C51F20070AF03 /* Assets.xcassets in Resources */,
				AA8B93C72E9EB32B00CB1162 /* Rain.json in Resources */,
				AA8B93D62E9EF5DE00CB1162 /* weather.json in Resources */,
			);
			runOnlyForDeploymentPostprocessing = 0;
		};
/* End PBXResourcesBuildPhase section */

/* Begin PBXShellScriptBuildPhase section */
		4C3500B451B55F46A84E1C26 /* [CP] Check Pods Manifest.lock */ = {
			isa = PBXShellScriptBuildPhase;
			buildActionMask = 2147483647;
			files = (
			);
			inputFileListPaths = (
			);
			inputPaths = (
				"${PODS_PODFILE_DIR_PATH}/Podfile.lock",
				"${PODS_ROOT}/Manifest.lock",
			);
			name = "[CP] Check Pods Manifest.lock";
			outputFileListPaths = (
			);
			outputPaths = (
				"$(DERIVED_FILE_DIR)/Pods-SkyScope-checkManifestLockResult.txt",
			);
			runOnlyForDeploymentPostprocessing = 0;
			shellPath = /bin/sh;
			shellScript = "diff \"${PODS_PODFILE_DIR_PATH}/Podfile.lock\" \"${PODS_ROOT}/Manifest.lock\" > /dev/null\nif [ $? != 0 ] ; then\n    # print error to STDERR\n    echo \"error: The sandbox is not in sync with the Podfile.lock. Run 'pod install' or update your CocoaPods installation.\" >&2\n    exit 1\nfi\n# This output is used by Xcode 'outputs' to avoid re-running this script phase.\necho \"SUCCESS\" > \"${SCRIPT_OUTPUT_FILE_0}\"\n";
			showEnvVarsInLog = 0;
		};
/* End PBXShellScriptBuildPhase section */

/* Begin PBXSourcesBuildPhase section */
		AA8FD5582E9C51F00070AF03 /* Sources */ = {
			isa = PBXSourcesBuildPhase;
			buildActionMask = 2147483647;
			files = (
				AA8B93BE2E9DBFFF00CB1162 /* WeatherGridSection.swift in Sources */,
				AA8FD5782E9C62390070AF03 /* MainViewModel.swift in Sources */,
				AA8B93C92E9EB4E500CB1162 /* LottieView.swift in Sources */,
				AA4C30DC2E9D28A1008F3FD5 /* GridData.swift in Sources */,
				AA4C30D72E9CFD8B008F3FD5 /* DaysRowView.swift in Sources */,
				AA8FD5762E9C5EF70070AF03 /* WeatherService.swift in Sources */,
				AA4C30DA2E9D21CB008F3FD5 /* DayGridView.swift in Sources */,
				AA8FD5622E9C51F00070AF03 /* MainView.swift in Sources */,
				AA8FD5732E9C5CF00070AF03 /* WeatherResponse.swift in Sources */,
				AA8B93BA2E9DBF1800CB1162 /* HeaderView.swift in Sources */,
				AA8FD5602E9C51F00070AF03 /* SkyScopeApp.swift in Sources */,
				AA4C30D52E9CED43008F3FD5 /* Constants.swift in Sources */,
				AA8B93B52E9D7F7A00CB1162 /* DayDetailsRowView.swift in Sources */,
				AA8B93B72E9DBCC500CB1162 /* DayDetailsView.swift in Sources */,
				AA8B93BC2E9DBF5A00CB1162 /* ForeCastSectionView.swift in Sources */,
			);
			runOnlyForDeploymentPostprocessing = 0;
		};
/* End PBXSourcesBuildPhase section */

/* Begin XCBuildConfiguration section */
		AA8FD5682E9C51F20070AF03 /* Debug */ = {
			isa = XCBuildConfiguration;
			buildSettings = {
				ALWAYS_SEARCH_USER_PATHS = NO;
				ASSETCATALOG_COMPILER_GENERATE_SWIFT_ASSET_SYMBOL_EXTENSIONS = YES;
				CLANG_ANALYZER_NONNULL = YES;
				CLANG_ANALYZER_NUMBER_OBJECT_CONVERSION = YES_AGGRESSIVE;
				CLANG_CXX_LANGUAGE_STANDARD = "gnu++20";
				CLANG_ENABLE_MODULES = YES;
				CLANG_ENABLE_OBJC_ARC = YES;
				CLANG_ENABLE_OBJC_WEAK = YES;
				CLANG_WARN_BLOCK_CAPTURE_AUTORELEASING = YES;
				CLANG_WARN_BOOL_CONVERSION = YES;
				CLANG_WARN_COMMA = YES;
				CLANG_WARN_CONSTANT_CONVERSION = YES;
				CLANG_WARN_DEPRECATED_OBJC_IMPLEMENTATIONS = YES;
				CLANG_WARN_DIRECT_OBJC_ISA_USAGE = YES_ERROR;
				CLANG_WARN_DOCUMENTATION_COMMENTS = YES;
				CLANG_WARN_EMPTY_BODY = YES;
				CLANG_WARN_ENUM_CONVERSION = YES;
				CLANG_WARN_INFINITE_RECURSION = YES;
				CLANG_WARN_INT_CONVERSION = YES;
				CLANG_WARN_NON_LITERAL_NULL_CONVERSION = YES;
				CLANG_WARN_OBJC_IMPLICIT_RETAIN_SELF = YES;
				CLANG_WARN_OBJC_LITERAL_CONVERSION = YES;
				CLANG_WARN_OBJC_ROOT_CLASS = YES_ERROR;
				CLANG_WARN_QUOTED_INCLUDE_IN_FRAMEWORK_HEADER = YES;
				CLANG_WARN_RANGE_LOOP_ANALYSIS = YES;
				CLANG_WARN_STRICT_PROTOTYPES = YES;
				CLANG_WARN_SUSPICIOUS_MOVE = YES;
				CLANG_WARN_UNGUARDED_AVAILABILITY = YES_AGGRESSIVE;
				CLANG_WARN_UNREACHABLE_CODE = YES;
				CLANG_WARN__DUPLICATE_METHOD_MATCH = YES;
				COPY_PHASE_STRIP = NO;
				DEBUG_INFORMATION_FORMAT = dwarf;
				ENABLE_STRICT_OBJC_MSGSEND = YES;
				ENABLE_TESTABILITY = YES;
				ENABLE_USER_SCRIPT_SANDBOXING = YES;
				GCC_C_LANGUAGE_STANDARD = gnu17;
				GCC_DYNAMIC_NO_PIC = NO;
				GCC_NO_COMMON_BLOCKS = YES;
				GCC_OPTIMIZATION_LEVEL = 0;
				GCC_PREPROCESSOR_DEFINITIONS = (
					"DEBUG=1",
					"$(inherited)",
				);
				GCC_WARN_64_TO_32_BIT_CONVERSION = YES;
				GCC_WARN_ABOUT_RETURN_TYPE = YES_ERROR;
				GCC_WARN_UNDECLARED_SELECTOR = YES;
				GCC_WARN_UNINITIALIZED_AUTOS = YES_AGGRESSIVE;
				GCC_WARN_UNUSED_FUNCTION = YES;
				GCC_WARN_UNUSED_VARIABLE = YES;
				IPHONEOS_DEPLOYMENT_TARGET = 17.5;
				LOCALIZATION_PREFERS_STRING_CATALOGS = YES;
				MTL_ENABLE_DEBUG_INFO = INCLUDE_SOURCE;
				MTL_FAST_MATH = YES;
				ONLY_ACTIVE_ARCH = YES;
				SDKROOT = iphoneos;
				SWIFT_ACTIVE_COMPILATION_CONDITIONS = "DEBUG $(inherited)";
				SWIFT_OPTIMIZATION_LEVEL = "-Onone";
			};
			name = Debug;
		};
		AA8FD5692E9C51F20070AF03 /* Release */ = {
			isa = XCBuildConfiguration;
			buildSettings = {
				ALWAYS_SEARCH_USER_PATHS = NO;
				ASSETCATALOG_COMPILER_GENERATE_SWIFT_ASSET_SYMBOL_EXTENSIONS = YES;
				CLANG_ANALYZER_NONNULL = YES;
				CLANG_ANALYZER_NUMBER_OBJECT_CONVERSION = YES_AGGRESSIVE;
				CLANG_CXX_LANGUAGE_STANDARD = "gnu++20";
				CLANG_ENABLE_MODULES = YES;
				CLANG_ENABLE_OBJC_ARC = YES;
				CLANG_ENABLE_OBJC_WEAK = YES;
				CLANG_WARN_BLOCK_CAPTURE_AUTORELEASING = YES;
				CLANG_WARN_BOOL_CONVERSION = YES;
				CLANG_WARN_COMMA = YES;
				CLANG_WARN_CONSTANT_CONVERSION = YES;
				CLANG_WARN_DEPRECATED_OBJC_IMPLEMENTATIONS = YES;
				CLANG_WARN_DIRECT_OBJC_ISA_USAGE = YES_ERROR;
				CLANG_WARN_DOCUMENTATION_COMMENTS = YES;
				CLANG_WARN_EMPTY_BODY = YES;
				CLANG_WARN_ENUM_CONVERSION = YES;
				CLANG_WARN_INFINITE_RECURSION = YES;
				CLANG_WARN_INT_CONVERSION = YES;
				CLANG_WARN_NON_LITERAL_NULL_CONVERSION = YES;
				CLANG_WARN_OBJC_IMPLICIT_RETAIN_SELF = YES;
				CLANG_WARN_OBJC_LITERAL_CONVERSION = YES;
				CLANG_WARN_OBJC_ROOT_CLASS = YES_ERROR;
				CLANG_WARN_QUOTED_INCLUDE_IN_FRAMEWORK_HEADER = YES;
				CLANG_WARN_RANGE_LOOP_ANALYSIS = YES;
				CLANG_WARN_STRICT_PROTOTYPES = YES;
				CLANG_WARN_SUSPICIOUS_MOVE = YES;
				CLANG_WARN_UNGUARDED_AVAILABILITY = YES_AGGRESSIVE;
				CLANG_WARN_UNREACHABLE_CODE = YES;
				CLANG_WARN__DUPLICATE_METHOD_MATCH = YES;
				COPY_PHASE_STRIP = NO;
				DEBUG_INFORMATION_FORMAT = "dwarf-with-dsym";
				ENABLE_NS_ASSERTIONS = NO;
				ENABLE_STRICT_OBJC_MSGSEND = YES;
				ENABLE_USER_SCRIPT_SANDBOXING = YES;
				GCC_C_LANGUAGE_STANDARD = gnu17;
				GCC_NO_COMMON_BLOCKS = YES;
				GCC_WARN_64_TO_32_BIT_CONVERSION = YES;
				GCC_WARN_ABOUT_RETURN_TYPE = YES_ERROR;
				GCC_WARN_UNDECLARED_SELECTOR = YES;
				GCC_WARN_UNINITIALIZED_AUTOS = YES_AGGRESSIVE;
				GCC_WARN_UNUSED_FUNCTION = YES;
				GCC_WARN_UNUSED_VARIABLE = YES;
				IPHONEOS_DEPLOYMENT_TARGET = 17.5;
				LOCALIZATION_PREFERS_STRING_CATALOGS = YES;
				MTL_ENABLE_DEBUG_INFO = NO;
				MTL_FAST_MATH = YES;
				SDKROOT = iphoneos;
				SWIFT_COMPILATION_MODE = wholemodule;
				VALIDATE_PRODUCT = YES;
			};
			name = Release;
		};
		AA8FD56B2E9C51F20070AF03 /* Debug */ = {
			isa = XCBuildConfiguration;
			baseConfigurationReference = 9B4FA8CBB92BEF01760EF380 /* Pods-SkyScope.debug.xcconfig */;
			buildSettings = {
				ASSETCATALOG_COMPILER_APPICON_NAME = AppIcon;
				ASSETCATALOG_COMPILER_GLOBAL_ACCENT_COLOR_NAME = AccentColor;
				CODE_SIGN_STYLE = Automatic;
				CURRENT_PROJECT_VERSION = 1;
				DEVELOPMENT_ASSET_PATHS = "\"SkyScope/Preview Content\"";
				DEVELOPMENT_TEAM = L3G4XRBRZ4;
				ENABLE_PREVIEWS = YES;
				GENERATE_INFOPLIST_FILE = YES;
				INFOPLIST_KEY_UIApplicationSceneManifest_Generation = YES;
				INFOPLIST_KEY_UIApplicationSupportsIndirectInputEvents = YES;
				INFOPLIST_KEY_UILaunchScreen_Generation = YES;
				INFOPLIST_KEY_UISupportedInterfaceOrientations_iPad = "UIInterfaceOrientationPortrait UIInterfaceOrientationPortraitUpsideDown UIInterfaceOrientationLandscapeLeft UIInterfaceOrientationLandscapeRight";
				INFOPLIST_KEY_UISupportedInterfaceOrientations_iPhone = "UIInterfaceOrientationPortrait UIInterfaceOrientationLandscapeLeft UIInterfaceOrientationLandscapeRight";
				LD_RUNPATH_SEARCH_PATHS = (
					"$(inherited)",
					"@executable_path/Frameworks",
				);
				MARKETING_VERSION = 1.0;
				PRODUCT_BUNDLE_IDENTIFIER = nafe3.SkyScope;
				PRODUCT_NAME = "$(TARGET_NAME)";
				SWIFT_EMIT_LOC_STRINGS = YES;
				SWIFT_VERSION = 5.0;
				TARGETED_DEVICE_FAMILY = "1,2";
			};
			name = Debug;
		};
		AA8FD56C2E9C51F20070AF03 /* Release */ = {
			isa = XCBuildConfiguration;
			baseConfigurationReference = D1DB142C49B47D18643B6E3B /* Pods-SkyScope.release.xcconfig */;
			buildSettings = {
				ASSETCATALOG_COMPILER_APPICON_NAME = AppIcon;
				ASSETCATALOG_COMPILER_GLOBAL_ACCENT_COLOR_NAME = AccentColor;
				CODE_SIGN_STYLE = Automatic;
				CURRENT_PROJECT_VERSION = 1;
				DEVELOPMENT_ASSET_PATHS = "\"SkyScope/Preview Content\"";
				DEVELOPMENT_TEAM = L3G4XRBRZ4;
				ENABLE_PREVIEWS = YES;
				GENERATE_INFOPLIST_FILE = YES;
				INFOPLIST_KEY_UIApplicationSceneManifest_Generation = YES;
				INFOPLIST_KEY_UIApplicationSupportsIndirectInputEvents = YES;
				INFOPLIST_KEY_UILaunchScreen_Generation = YES;
				INFOPLIST_KEY_UISupportedInterfaceOrientations_iPad = "UIInterfaceOrientationPortrait UIInterfaceOrientationPortraitUpsideDown UIInterfaceOrientationLandscapeLeft UIInterfaceOrientationLandscapeRight";
				INFOPLIST_KEY_UISupportedInterfaceOrientations_iPhone = "UIInterfaceOrientationPortrait UIInterfaceOrientationLandscapeLeft UIInterfaceOrientationLandscapeRight";
				LD_RUNPATH_SEARCH_PATHS = (
					"$(inherited)",
					"@executable_path/Frameworks",
				);
				MARKETING_VERSION = 1.0;
				PRODUCT_BUNDLE_IDENTIFIER = nafe3.SkyScope;
				PRODUCT_NAME = "$(TARGET_NAME)";
				SWIFT_EMIT_LOC_STRINGS = YES;
				SWIFT_VERSION = 5.0;
				TARGETED_DEVICE_FAMILY = "1,2";
			};
			name = Release;
		};
/* End XCBuildConfiguration section */

/* Begin XCConfigurationList section */
		AA8FD5572E9C51F00070AF03 /* Build configuration list for PBXProject "SkyScope" */ = {
			isa = XCConfigurationList;
			buildConfigurations = (
				AA8FD5682E9C51F20070AF03 /* Debug */,
				AA8FD5692E9C51F20070AF03 /* Release */,
			);
			defaultConfigurationIsVisible = 0;
			defaultConfigurationName = Release;
		};
		AA8FD56A2E9C51F20070AF03 /* Build configuration list for PBXNativeTarget "SkyScope" */ = {
			isa = XCConfigurationList;
			buildConfigurations = (
				AA8FD56B2E9C51F20070AF03 /* Debug */,
				AA8FD56C2E9C51F20070AF03 /* Release */,
			);
			defaultConfigurationIsVisible = 0;
			defaultConfigurationName = Release;
		};
/* End XCConfigurationList section */

/* Begin XCRemoteSwiftPackageReference section */
		AA8B93CA2E9EB77600CB1162 /* XCRemoteSwiftPackageReference "lottie-ios" */ = {
			isa = XCRemoteSwiftPackageReference;
			repositoryURL = "https://github.com/airbnb/lottie-ios.git";
			requirement = {
				kind = upToNextMajorVersion;
				minimumVersion = 4.5.2;
			};
		};
/* End XCRemoteSwiftPackageReference section */

/* Begin XCSwiftPackageProductDependency section */
		AA8B93CB2E9EB77600CB1162 /* Lottie */ = {
			isa = XCSwiftPackageProductDependency;
			package = AA8B93CA2E9EB77600CB1162 /* XCRemoteSwiftPackageReference "lottie-ios" */;
			productName = Lottie;
		};
/* End XCSwiftPackageProductDependency section */
	};
	rootObject = AA8FD5542E9C51F00070AF03 /* Project object */;
}
